
Microsoft Visual Studio Solution File, Format Version 12.00
# Visual Studio Version 17
VisualStudioVersion = 17.7.34031.279
MinimumVisualStudioVersion = 10.0.40219.1
Project("{FAE04EC0-301F-11D3-BF4B-00C04F79EFBC}") = "SpinToWin", "SpinToWin.csproj", "{AD6CA117-1F2D-4E61-B87B-B58DAED99EE0}"
EndProject
Global
	GlobalSection(SolutionConfigurationPlatforms) = preSolution
		Debug|Any CPU = Debug|Any CPU
		Release|Any CPU = Release|Any CPU
	EndGlobalSection
	GlobalSection(ProjectConfigurationPlatforms) = postSolution
		{AD6CA117-1F2D-4E61-B87B-B58DAED99EE0}.Debug|Any CPU.ActiveCfg = Debug|Any CPU
		{AD6CA117-1F2D-4E61-B87B-B58DAED99EE0}.Debug|Any CPU.Build.0 = Debug|Any CPU
		{AD6CA117-1F2D-4E61-B87B-B58DAED99EE0}.Release|Any CPU.ActiveCfg = Release|Any CPU
		{AD6CA117-1F2D-4E61-B87B-B58DAED99EE0}.Release|Any CPU.Build.0 = Release|Any CPU
	EndGlobalSection
	GlobalSection(SolutionProperties) = preSolution
		HideSolutionNode = FALSE
	EndGlobalSection
	GlobalSection(ExtensibilityGlobals) = postSolution
		SolutionGuid = {9057F3DA-738A-48AE-8993-FAC416084354}
	EndGlobalSection
EndGlobal
